<?xml version="1.0" encoding="utf-8"?>
<Project ToolsVersion="4.0" xmlns="http://schemas.microsoft.com/developer/msbuild/2003">
  <ItemGroup>
    <Filter Include="Source Files">
      <UniqueIdentifier>{4FC737F1-C7A5-4376-A066-2A32D752A2FF}</UniqueIdentifier>
      <Extensions>cpp;c;cc;cxx;c++;def;odl;idl;hpj;bat;asm;asmx</Extensions>
    </Filter>
    <Filter Include="Header Files">
      <UniqueIdentifier>{93995380-89BD-4b04-88EB-625FBE52EBFB}</UniqueIdentifier>
      <Extensions>h;hh;hpp;hxx;h++;hm;inl;inc;ipp;xsd</Extensions>
    </Filter>
    <Filter Include="Resource Files">
      <UniqueIdentifier>{67DA6AB6-F800-4c08-8B7A-83BB121AAD01}</UniqueIdentifier>
      <Extensions>rc;ico;cur;bmp;dlg;rc2;rct;bin;rgs;gif;jpg;jpeg;jpe;resx;tiff;tif;png;wav;mfcribbon-ms</Extensions>
    </Filter>
  </ItemGroup>
  <ItemGroup>
    <ClCompile Include="Source\GFX\IMGUI\Includes\imgui.cpp">
      <Filter>Source Files</Filter>
    </ClCompile>
    <ClCompile Include="Source\GFX\IMGUI\Includes\imgui_demo.cpp">
      <Filter>Source Files</Filter>
    </ClCompile>
    <ClCompile Include="Source\GFX\IMGUI\Includes\imgui_draw.cpp">
      <Filter>Source Files</Filter>
    </ClCompile>
    <ClCompile Include="Source\GFX\IMGUI\Includes\imgui_stdlib.cpp">
      <Filter>Source Files</Filter>
    </ClCompile>
    <ClCompile Include="Source\GFX\IMGUI\Includes\imgui_widgets.cpp">
      <Filter>Source Files</Filter>
    </ClCompile>
    <ClCompile Include="Source\GFX\IMGUI\IMGUI_Core.cpp">
      <Filter>Source Files</Filter>
    </ClCompile>
    <ClCompile Include="Source\GFX\IMGUI\IMGUI_WINDOW.cpp">
      <Filter>Source Files</Filter>
    </ClCompile>
    <ClCompile Include="Source\GFX\Renderer\GFX_RenderCommands.cpp">
      <Filter>Source Files</Filter>
    </ClCompile>
    <ClCompile Include="Source\GFX\Renderer\GFX_Renderer.cpp">
      <Filter>Source Files</Filter>
    </ClCompile>
    <ClCompile Include="Source\GFX\Renderer\GFX_RenderGraph.cpp">
      <Filter>Source Files</Filter>
    </ClCompile>
    <ClCompile Include="Source\GFX\Renderer\GFX_Resource.cpp">
      <Filter>Source Files</Filter>
    </ClCompile>
    <ClCompile Include="Source\GFX\Renderer\GPU_ContentManager.cpp">
      <Filter>Source Files</Filter>
    </ClCompile>
    <ClCompile Include="Source\GFX\GFX_Core.cpp">
      <Filter>Source Files</Filter>
    </ClCompile>
    <ClCompile Include="Source\GFX\GFX_Display.cpp">
      <Filter>Source Files</Filter>
    </ClCompile>
    <ClCompile Include="Source\GFX\GFX_ENUMs.cpp">
      <Filter>Source Files</Filter>
    </ClCompile>
    <ClCompile Include="Source\GFX\GFX_Includes.cpp">
      <Filter>Source Files</Filter>
    </ClCompile>
    <ClCompile Include="Source\TuranAPI\FileSystem_Core.cpp">
      <Filter>Source Files</Filter>
    </ClCompile>
    <ClCompile Include="Source\TuranAPI\API_includes.cpp">
      <Filter>Source Files</Filter>
    </ClCompile>
    <ClCompile Include="Source\TuranAPI\Logger_Core.cpp">
      <Filter>Source Files</Filter>
    </ClCompile>
    <ClCompile Include="Source\OpenGL4\IMGUI\imgui_impl_glfw.cpp">
      <Filter>Source Files</Filter>
    </ClCompile>
    <ClCompile Include="Source\OpenGL4\IMGUI\imgui_impl_opengl3.cpp">
      <Filter>Source Files</Filter>
    </ClCompile>
    <ClCompile Include="Source\OpenGL4\IMGUI\IMGUI_OGL4.cpp">
      <Filter>Source Files</Filter>
    </ClCompile>
    <ClCompile Include="Source\OpenGL4\Renderer\OGL4_ContentManager.cpp">
      <Filter>Source Files</Filter>
    </ClCompile>
    <ClCompile Include="Source\OpenGL4\Renderer\OGL4_Renderer_Core.cpp">
      <Filter>Source Files</Filter>
    </ClCompile>
    <ClCompile Include="Source\OpenGL4\glad.c">
      <Filter>Source Files</Filter>
    </ClCompile>
    <ClCompile Include="Source\OpenGL4\OGL4_Core.cpp">
      <Filter>Source Files</Filter>
    </ClCompile>
    <ClCompile Include="Source\OpenGL4\OGL4_Display.cpp">
      <Filter>Source Files</Filter>
    </ClCompile>
    <ClCompile Include="Source\OpenGL4\OGL4_ENUMs.cpp">
      <Filter>Source Files</Filter>
    </ClCompile>
    <ClCompile Include="Source\GFX\GFX_FileSystem\Resource_Type\Material_Type_Resource.cpp">
      <Filter>Source Files</Filter>
    </ClCompile>
    <ClCompile Include="Source\GFX\GFX_FileSystem\Resource_Type\Texture_Resource.cpp">
      <Filter>Source Files</Filter>
    </ClCompile>
    <ClCompile Include="Source\TuranAPI\Bitset.cpp">
      <Filter>Source Files</Filter>
    </ClCompile>
    <ClCompile Include="Source\Editor\Editors\Main_Window.cpp">
      <Filter>Source Files</Filter>
    </ClCompile>
    <ClCompile Include="Source\Editor\Editors\Properties_Window.cpp">
      <Filter>Source Files</Filter>
    </ClCompile>
    <ClCompile Include="Source\Editor\FileSystem\ResourceImporters\MaterialInstance_Import.cpp">
      <Filter>Source Files</Filter>
    </ClCompile>
    <ClCompile Include="Source\Editor\FileSystem\ResourceImporters\Model_Loader.cpp">
      <Filter>Source Files</Filter>
    </ClCompile>
    <ClCompile Include="Source\Editor\FileSystem\ResourceImporters\ShaderSource_Creater.cpp">
      <Filter>Source Files</Filter>
    </ClCompile>
    <ClCompile Include="Source\Editor\FileSystem\ResourceImporters\Texture_Loader.cpp">
      <Filter>Source Files</Filter>
    </ClCompile>
    <ClCompile Include="Source\Editor\FileSystem\ResourceTypes\Model_Resource.cpp">
      <Filter>Source Files</Filter>
    </ClCompile>
    <ClCompile Include="Source\Editor\FileSystem\ResourceTypes\Resource_Identifier.cpp">
      <Filter>Source Files</Filter>
    </ClCompile>
    <ClCompile Include="Source\Editor\FileSystem\ResourceTypes\Scene_Resource.cpp">
      <Filter>Source Files</Filter>
    </ClCompile>
    <ClCompile Include="Source\Editor\RenderContext\Draw Passes\GBuffer_DrawPass.cpp">
      <Filter>Source Files</Filter>
    </ClCompile>
    <ClCompile Include="Source\Editor\RenderContext\Game_RenderGraph.cpp">
      <Filter>Source Files</Filter>
    </ClCompile>
    <ClCompile Include="Source\Editor\Editor.cpp">
      <Filter>Source Files</Filter>
    </ClCompile>
    <ClCompile Include="Source\Editor\Editor_Includes.cpp">
      <Filter>Source Files</Filter>
    </ClCompile>
    <ClCompile Include="Source\Editor\FileSystem\EditorFileSystem_Core.cpp">
      <Filter>Source Files</Filter>
    </ClCompile>
    <ClCompile Include="Source\Editor\Editors\Status_Window.cpp">
      <Filter>Source Files</Filter>
    </ClCompile>
    <ClCompile Include="Source\Editor\Editors\Scene_Editor.cpp">
      <Filter>Source Files</Filter>
    </ClCompile>
    <ClCompile Include="Source\Editor\Editor_System.cpp">
      <Filter>Source Files</Filter>
    </ClCompile>
    <ClCompile Include="Source\Editor\RenderContext\Editor_DataManager.cpp">
      <Filter>Source Files</Filter>
    </ClCompile>
    <ClCompile Include="Source\TuranAPI\Profiler_Core.cpp">
      <Filter>Source Files</Filter>
    </ClCompile>
    <ClCompile Include="Source\Editor\Staj\DijkstraSPFAlgorithm.cpp">
      <Filter>Source Files</Filter>
    </ClCompile>
    <ClCompile Include="Source\Editor\Staj\StajMain.cpp">
      <Filter>Source Files</Filter>
    </ClCompile>
    <ClCompile Include="Source\Editor\İş\Algorithms.cpp">
      <Filter>Source Files</Filter>
    </ClCompile>
    <ClCompile Include="Source\Editor\İş\Algorithms_UnitTests.cpp">
      <Filter>Source Files</Filter>
    </ClCompile>
    <ClCompile Include="Source\Editor\İş\DataLoader.cpp">
      <Filter>Source Files</Filter>
    </ClCompile>
    <ClCompile Include="Source\Editor\İş\DataTypes.cpp">
      <Filter>Source Files</Filter>
    </ClCompile>
    <ClCompile Include="Source\Editor\İş\KDTree.cpp">
      <Filter>Source Files</Filter>
    </ClCompile>
    <ClCompile Include="Source\Editor\İş\GoogleKDTREE.c">
      <Filter>Source Files</Filter>
    </ClCompile>
  </ItemGroup>
  <ItemGroup>
    <ClInclude Include="Source\GFX\IMGUI\Includes\imconfig.h">
      <Filter>Header Files</Filter>
    </ClInclude>
    <ClInclude Include="Source\GFX\IMGUI\Includes\imgui.h">
      <Filter>Header Files</Filter>
    </ClInclude>
    <ClInclude Include="Source\GFX\IMGUI\Includes\imgui_internal.h">
      <Filter>Header Files</Filter>
    </ClInclude>
    <ClInclude Include="Source\GFX\IMGUI\Includes\imgui_stdlib.h">
      <Filter>Header Files</Filter>
    </ClInclude>
    <ClInclude Include="Source\GFX\IMGUI\Includes\imstb_rectpack.h">
      <Filter>Header Files</Filter>
    </ClInclude>
    <ClInclude Include="Source\GFX\IMGUI\Includes\imstb_textedit.h">
      <Filter>Header Files</Filter>
    </ClInclude>
    <ClInclude Include="Source\GFX\IMGUI\Includes\imstb_truetype.h">
      <Filter>Header Files</Filter>
    </ClInclude>
    <ClInclude Include="Source\GFX\IMGUI\IMGUI_Core.h">
      <Filter>Header Files</Filter>
    </ClInclude>
    <ClInclude Include="Source\GFX\IMGUI\IMGUI_GFX.h">
      <Filter>Header Files</Filter>
    </ClInclude>
    <ClInclude Include="Source\GFX\IMGUI\IMGUI_WINDOW.h">
      <Filter>Header Files</Filter>
    </ClInclude>
    <ClInclude Include="Source\GFX\Renderer\GFX_RenderCommands.h">
      <Filter>Header Files</Filter>
    </ClInclude>
    <ClInclude Include="Source\GFX\Renderer\GFX_Renderer.h">
      <Filter>Header Files</Filter>
    </ClInclude>
    <ClInclude Include="Source\GFX\Renderer\GFX_RenderGraph.h">
      <Filter>Header Files</Filter>
    </ClInclude>
    <ClInclude Include="Source\GFX\Renderer\GFX_Resource.h">
      <Filter>Header Files</Filter>
    </ClInclude>
    <ClInclude Include="Source\GFX\Renderer\GPU_ContentManager.h">
      <Filter>Header Files</Filter>
    </ClInclude>
    <ClInclude Include="Source\GFX\GFX_Core.h">
      <Filter>Header Files</Filter>
    </ClInclude>
    <ClInclude Include="Source\GFX\GFX_Display.h">
      <Filter>Header Files</Filter>
    </ClInclude>
    <ClInclude Include="Source\GFX\GFX_ENUMs.h">
      <Filter>Header Files</Filter>
    </ClInclude>
    <ClInclude Include="Source\GFX\GFX_Includes.h">
      <Filter>Header Files</Filter>
    </ClInclude>
    <ClInclude Include="Source\TuranAPI\FileSystem_Core.h">
      <Filter>Header Files</Filter>
    </ClInclude>
    <ClInclude Include="Source\TuranAPI\API_includes.h">
      <Filter>Header Files</Filter>
    </ClInclude>
    <ClInclude Include="Source\TuranAPI\Logger_Core.h">
      <Filter>Header Files</Filter>
    </ClInclude>
    <ClInclude Include="Source\OpenGL4\IMGUI\imgui_impl_glfw.h">
      <Filter>Header Files</Filter>
    </ClInclude>
    <ClInclude Include="Source\OpenGL4\IMGUI\imgui_impl_opengl3.h">
      <Filter>Header Files</Filter>
    </ClInclude>
    <ClInclude Include="Source\OpenGL4\IMGUI\IMGUI_OGL4.h">
      <Filter>Header Files</Filter>
    </ClInclude>
    <ClInclude Include="Source\OpenGL4\Renderer\OGL4_GPUContentManager.h">
      <Filter>Header Files</Filter>
    </ClInclude>
    <ClInclude Include="Source\OpenGL4\Renderer\OGL4_Renderer_Core.h">
      <Filter>Header Files</Filter>
    </ClInclude>
    <ClInclude Include="Source\OpenGL4\OGL4_Core.h">
      <Filter>Header Files</Filter>
    </ClInclude>
    <ClInclude Include="Source\OpenGL4\OGL4_Display.h">
      <Filter>Header Files</Filter>
    </ClInclude>
    <ClInclude Include="Source\OpenGL4\OGL4_ENUMs.h">
      <Filter>Header Files</Filter>
    </ClInclude>
    <ClInclude Include="Source\OpenGL4\OpenGL4_Includes.h">
      <Filter>Header Files</Filter>
    </ClInclude>
    <ClInclude Include="Source\GFX\GFX_FileSystem\Resource_Type\Material_Type_Resource.h">
      <Filter>Header Files</Filter>
    </ClInclude>
    <ClInclude Include="Source\GFX\GFX_FileSystem\Resource_Type\Texture_Resource.h">
      <Filter>Header Files</Filter>
    </ClInclude>
    <ClInclude Include="Source\TuranAPI\Bitset.h">
      <Filter>Header Files</Filter>
    </ClInclude>
    <ClInclude Include="Source\Editor\Editors\Main_Window.h">
      <Filter>Header Files</Filter>
    </ClInclude>
    <ClInclude Include="Source\Editor\Editors\Properties_Window.h">
      <Filter>Header Files</Filter>
    </ClInclude>
    <ClInclude Include="Source\Editor\FileSystem\ResourceImporters\MaterialInstance_Import.h">
      <Filter>Header Files</Filter>
    </ClInclude>
    <ClInclude Include="Source\Editor\FileSystem\ResourceImporters\Model_Loader.h">
      <Filter>Header Files</Filter>
    </ClInclude>
    <ClInclude Include="Source\Editor\FileSystem\ResourceImporters\ShaderSource_Creater.h">
      <Filter>Header Files</Filter>
    </ClInclude>
    <ClInclude Include="Source\Editor\FileSystem\ResourceImporters\Texture_Loader.h">
      <Filter>Header Files</Filter>
    </ClInclude>
    <ClInclude Include="Source\Editor\FileSystem\ResourceTypes\Model_Resource.h">
      <Filter>Header Files</Filter>
    </ClInclude>
    <ClInclude Include="Source\Editor\FileSystem\ResourceTypes\Resource_Identifier.h">
      <Filter>Header Files</Filter>
    </ClInclude>
    <ClInclude Include="Source\Editor\FileSystem\ResourceTypes\ResourceTYPEs.h">
      <Filter>Header Files</Filter>
    </ClInclude>
    <ClInclude Include="Source\Editor\FileSystem\ResourceTypes\Scene_Resource.h">
      <Filter>Header Files</Filter>
    </ClInclude>
    <ClInclude Include="Source\Editor\RenderContext\Draw Passes\Draw_Passes.h">
      <Filter>Header Files</Filter>
    </ClInclude>
    <ClInclude Include="Source\Editor\RenderContext\Draw Passes\GBuffer_DrawPass.h">
      <Filter>Header Files</Filter>
    </ClInclude>
    <ClInclude Include="Source\Editor\RenderContext\Game_RenderGraph.h">
      <Filter>Header Files</Filter>
    </ClInclude>
    <ClInclude Include="Source\Editor\Editor.h">
      <Filter>Header Files</Filter>
    </ClInclude>
    <ClInclude Include="Source\Editor\Editor_Includes.h">
      <Filter>Header Files</Filter>
    </ClInclude>
    <ClInclude Include="Source\Editor\FileSystem\EditorFileSystem_Core.h">
      <Filter>Header Files</Filter>
    </ClInclude>
    <ClInclude Include="Source\Editor\Editors\Status_Window.h">
      <Filter>Header Files</Filter>
    </ClInclude>
    <ClInclude Include="Source\Editor\Editors\Scene_Editor.h">
      <Filter>Header Files</Filter>
    </ClInclude>
    <ClInclude Include="Source\Editor\RenderContext\Editor_DataManager.h">
      <Filter>Header Files</Filter>
    </ClInclude>
    <ClInclude Include="Source\TuranAPI\Profiler_Core.h">
      <Filter>Header Files</Filter>
    </ClInclude>
    <ClInclude Include="3rdPartyLibraries\Includes\Eigen\src\Cholesky\LDLT.h">
      <Filter>Header Files</Filter>
    </ClInclude>
    <ClInclude Include="3rdPartyLibraries\Includes\Eigen\src\Cholesky\LLT.h">
      <Filter>Header Files</Filter>
    </ClInclude>
    <ClInclude Include="3rdPartyLibraries\Includes\Eigen\src\Cholesky\LLT_LAPACKE.h">
      <Filter>Header Files</Filter>
    </ClInclude>
    <ClInclude Include="3rdPartyLibraries\Includes\Eigen\src\CholmodSupport\CholmodSupport.h">
      <Filter>Header Files</Filter>
    </ClInclude>
    <ClInclude Include="3rdPartyLibraries\Includes\Eigen\src\Core\arch\AltiVec\Complex.h">
      <Filter>Header Files</Filter>
    </ClInclude>
    <ClInclude Include="3rdPartyLibraries\Includes\Eigen\src\Core\arch\AltiVec\MathFunctions.h">
      <Filter>Header Files</Filter>
    </ClInclude>
    <ClInclude Include="3rdPartyLibraries\Includes\Eigen\src\Core\arch\AltiVec\PacketMath.h">
      <Filter>Header Files</Filter>
    </ClInclude>
    <ClInclude Include="3rdPartyLibraries\Includes\Eigen\src\Core\arch\AVX\Complex.h">
      <Filter>Header Files</Filter>
    </ClInclude>
    <ClInclude Include="3rdPartyLibraries\Includes\Eigen\src\Core\arch\AVX\MathFunctions.h">
      <Filter>Header Files</Filter>
    </ClInclude>
    <ClInclude Include="3rdPartyLibraries\Includes\Eigen\src\Core\arch\AVX\PacketMath.h">
      <Filter>Header Files</Filter>
    </ClInclude>
    <ClInclude Include="3rdPartyLibraries\Includes\Eigen\src\Core\arch\AVX\TypeCasting.h">
      <Filter>Header Files</Filter>
    </ClInclude>
    <ClInclude Include="3rdPartyLibraries\Includes\Eigen\src\Core\arch\AVX512\MathFunctions.h">
      <Filter>Header Files</Filter>
    </ClInclude>
    <ClInclude Include="3rdPartyLibraries\Includes\Eigen\src\Core\arch\AVX512\PacketMath.h">
      <Filter>Header Files</Filter>
    </ClInclude>
    <ClInclude Include="3rdPartyLibraries\Includes\Eigen\src\Core\arch\CUDA\Complex.h">
      <Filter>Header Files</Filter>
    </ClInclude>
    <ClInclude Include="3rdPartyLibraries\Includes\Eigen\src\Core\arch\CUDA\Half.h">
      <Filter>Header Files</Filter>
    </ClInclude>
    <ClInclude Include="3rdPartyLibraries\Includes\Eigen\src\Core\arch\CUDA\MathFunctions.h">
      <Filter>Header Files</Filter>
    </ClInclude>
    <ClInclude Include="3rdPartyLibraries\Includes\Eigen\src\Core\arch\CUDA\PacketMath.h">
      <Filter>Header Files</Filter>
    </ClInclude>
    <ClInclude Include="3rdPartyLibraries\Includes\Eigen\src\Core\arch\CUDA\PacketMathHalf.h">
      <Filter>Header Files</Filter>
    </ClInclude>
    <ClInclude Include="3rdPartyLibraries\Includes\Eigen\src\Core\arch\CUDA\TypeCasting.h">
      <Filter>Header Files</Filter>
    </ClInclude>
    <ClInclude Include="3rdPartyLibraries\Includes\Eigen\src\Core\arch\Default\ConjHelper.h">
      <Filter>Header Files</Filter>
    </ClInclude>
    <ClInclude Include="3rdPartyLibraries\Includes\Eigen\src\Core\arch\Default\Settings.h">
      <Filter>Header Files</Filter>
    </ClInclude>
    <ClInclude Include="3rdPartyLibraries\Includes\Eigen\src\Core\arch\NEON\Complex.h">
      <Filter>Header Files</Filter>
    </ClInclude>
    <ClInclude Include="3rdPartyLibraries\Includes\Eigen\src\Core\arch\NEON\MathFunctions.h">
      <Filter>Header Files</Filter>
    </ClInclude>
    <ClInclude Include="3rdPartyLibraries\Includes\Eigen\src\Core\arch\NEON\PacketMath.h">
      <Filter>Header Files</Filter>
    </ClInclude>
    <ClInclude Include="3rdPartyLibraries\Includes\Eigen\src\Core\arch\SSE\Complex.h">
      <Filter>Header Files</Filter>
    </ClInclude>
    <ClInclude Include="3rdPartyLibraries\Includes\Eigen\src\Core\arch\SSE\MathFunctions.h">
      <Filter>Header Files</Filter>
    </ClInclude>
    <ClInclude Include="3rdPartyLibraries\Includes\Eigen\src\Core\arch\SSE\PacketMath.h">
      <Filter>Header Files</Filter>
    </ClInclude>
    <ClInclude Include="3rdPartyLibraries\Includes\Eigen\src\Core\arch\SSE\TypeCasting.h">
      <Filter>Header Files</Filter>
    </ClInclude>
    <ClInclude Include="3rdPartyLibraries\Includes\Eigen\src\Core\arch\ZVector\Complex.h">
      <Filter>Header Files</Filter>
    </ClInclude>
    <ClInclude Include="3rdPartyLibraries\Includes\Eigen\src\Core\arch\ZVector\MathFunctions.h">
      <Filter>Header Files</Filter>
    </ClInclude>
    <ClInclude Include="3rdPartyLibraries\Includes\Eigen\src\Core\arch\ZVector\PacketMath.h">
      <Filter>Header Files</Filter>
    </ClInclude>
    <ClInclude Include="3rdPartyLibraries\Includes\Eigen\src\Core\functors\AssignmentFunctors.h">
      <Filter>Header Files</Filter>
    </ClInclude>
    <ClInclude Include="3rdPartyLibraries\Includes\Eigen\src\Core\functors\BinaryFunctors.h">
      <Filter>Header Files</Filter>
    </ClInclude>
    <ClInclude Include="3rdPartyLibraries\Includes\Eigen\src\Core\functors\NullaryFunctors.h">
      <Filter>Header Files</Filter>
    </ClInclude>
    <ClInclude Include="3rdPartyLibraries\Includes\Eigen\src\Core\functors\StlFunctors.h">
      <Filter>Header Files</Filter>
    </ClInclude>
    <ClInclude Include="3rdPartyLibraries\Includes\Eigen\src\Core\functors\TernaryFunctors.h">
      <Filter>Header Files</Filter>
    </ClInclude>
    <ClInclude Include="3rdPartyLibraries\Includes\Eigen\src\Core\functors\UnaryFunctors.h">
      <Filter>Header Files</Filter>
    </ClInclude>
    <ClInclude Include="3rdPartyLibraries\Includes\Eigen\src\Core\products\GeneralBlockPanelKernel.h">
      <Filter>Header Files</Filter>
    </ClInclude>
    <ClInclude Include="3rdPartyLibraries\Includes\Eigen\src\Core\products\GeneralMatrixMatrix.h">
      <Filter>Header Files</Filter>
    </ClInclude>
    <ClInclude Include="3rdPartyLibraries\Includes\Eigen\src\Core\products\GeneralMatrixMatrix_BLAS.h">
      <Filter>Header Files</Filter>
    </ClInclude>
    <ClInclude Include="3rdPartyLibraries\Includes\Eigen\src\Core\products\GeneralMatrixMatrixTriangular.h">
      <Filter>Header Files</Filter>
    </ClInclude>
    <ClInclude Include="3rdPartyLibraries\Includes\Eigen\src\Core\products\GeneralMatrixMatrixTriangular_BLAS.h">
      <Filter>Header Files</Filter>
    </ClInclude>
    <ClInclude Include="3rdPartyLibraries\Includes\Eigen\src\Core\products\GeneralMatrixVector.h">
      <Filter>Header Files</Filter>
    </ClInclude>
    <ClInclude Include="3rdPartyLibraries\Includes\Eigen\src\Core\products\GeneralMatrixVector_BLAS.h">
      <Filter>Header Files</Filter>
    </ClInclude>
    <ClInclude Include="3rdPartyLibraries\Includes\Eigen\src\Core\products\Parallelizer.h">
      <Filter>Header Files</Filter>
    </ClInclude>
    <ClInclude Include="3rdPartyLibraries\Includes\Eigen\src\Core\products\SelfadjointMatrixMatrix.h">
      <Filter>Header Files</Filter>
    </ClInclude>
    <ClInclude Include="3rdPartyLibraries\Includes\Eigen\src\Core\products\SelfadjointMatrixMatrix_BLAS.h">
      <Filter>Header Files</Filter>
    </ClInclude>
    <ClInclude Include="3rdPartyLibraries\Includes\Eigen\src\Core\products\SelfadjointMatrixVector.h">
      <Filter>Header Files</Filter>
    </ClInclude>
    <ClInclude Include="3rdPartyLibraries\Includes\Eigen\src\Core\products\SelfadjointMatrixVector_BLAS.h">
      <Filter>Header Files</Filter>
    </ClInclude>
    <ClInclude Include="3rdPartyLibraries\Includes\Eigen\src\Core\products\SelfadjointProduct.h">
      <Filter>Header Files</Filter>
    </ClInclude>
    <ClInclude Include="3rdPartyLibraries\Includes\Eigen\src\Core\products\SelfadjointRank2Update.h">
      <Filter>Header Files</Filter>
    </ClInclude>
    <ClInclude Include="3rdPartyLibraries\Includes\Eigen\src\Core\products\TriangularMatrixMatrix.h">
      <Filter>Header Files</Filter>
    </ClInclude>
    <ClInclude Include="3rdPartyLibraries\Includes\Eigen\src\Core\products\TriangularMatrixMatrix_BLAS.h">
      <Filter>Header Files</Filter>
    </ClInclude>
    <ClInclude Include="3rdPartyLibraries\Includes\Eigen\src\Core\products\TriangularMatrixVector.h">
      <Filter>Header Files</Filter>
    </ClInclude>
    <ClInclude Include="3rdPartyLibraries\Includes\Eigen\src\Core\products\TriangularMatrixVector_BLAS.h">
      <Filter>Header Files</Filter>
    </ClInclude>
    <ClInclude Include="3rdPartyLibraries\Includes\Eigen\src\Core\products\TriangularSolverMatrix.h">
      <Filter>Header Files</Filter>
    </ClInclude>
    <ClInclude Include="3rdPartyLibraries\Includes\Eigen\src\Core\products\TriangularSolverMatrix_BLAS.h">
      <Filter>Header Files</Filter>
    </ClInclude>
    <ClInclude Include="3rdPartyLibraries\Includes\Eigen\src\Core\products\TriangularSolverVector.h">
      <Filter>Header Files</Filter>
    </ClInclude>
    <ClInclude Include="3rdPartyLibraries\Includes\Eigen\src\Core\util\BlasUtil.h">
      <Filter>Header Files</Filter>
    </ClInclude>
    <ClInclude Include="3rdPartyLibraries\Includes\Eigen\src\Core\util\Constants.h">
      <Filter>Header Files</Filter>
    </ClInclude>
    <ClInclude Include="3rdPartyLibraries\Includes\Eigen\src\Core\util\DisableStupidWarnings.h">
      <Filter>Header Files</Filter>
    </ClInclude>
    <ClInclude Include="3rdPartyLibraries\Includes\Eigen\src\Core\util\ForwardDeclarations.h">
      <Filter>Header Files</Filter>
    </ClInclude>
    <ClInclude Include="3rdPartyLibraries\Includes\Eigen\src\Core\util\Macros.h">
      <Filter>Header Files</Filter>
    </ClInclude>
    <ClInclude Include="3rdPartyLibraries\Includes\Eigen\src\Core\util\Memory.h">
      <Filter>Header Files</Filter>
    </ClInclude>
    <ClInclude Include="3rdPartyLibraries\Includes\Eigen\src\Core\util\Meta.h">
      <Filter>Header Files</Filter>
    </ClInclude>
    <ClInclude Include="3rdPartyLibraries\Includes\Eigen\src\Core\util\MKL_support.h">
      <Filter>Header Files</Filter>
    </ClInclude>
    <ClInclude Include="3rdPartyLibraries\Includes\Eigen\src\Core\util\NonMPL2.h">
      <Filter>Header Files</Filter>
    </ClInclude>
    <ClInclude Include="3rdPartyLibraries\Includes\Eigen\src\Core\util\ReenableStupidWarnings.h">
      <Filter>Header Files</Filter>
    </ClInclude>
    <ClInclude Include="3rdPartyLibraries\Includes\Eigen\src\Core\util\StaticAssert.h">
      <Filter>Header Files</Filter>
    </ClInclude>
    <ClInclude Include="3rdPartyLibraries\Includes\Eigen\src\Core\util\XprHelper.h">
      <Filter>Header Files</Filter>
    </ClInclude>
    <ClInclude Include="3rdPartyLibraries\Includes\Eigen\src\Core\Array.h">
      <Filter>Header Files</Filter>
    </ClInclude>
    <ClInclude Include="3rdPartyLibraries\Includes\Eigen\src\Core\ArrayBase.h">
      <Filter>Header Files</Filter>
    </ClInclude>
    <ClInclude Include="3rdPartyLibraries\Includes\Eigen\src\Core\ArrayWrapper.h">
      <Filter>Header Files</Filter>
    </ClInclude>
    <ClInclude Include="3rdPartyLibraries\Includes\Eigen\src\Core\Assign.h">
      <Filter>Header Files</Filter>
    </ClInclude>
    <ClInclude Include="3rdPartyLibraries\Includes\Eigen\src\Core\Assign_MKL.h">
      <Filter>Header Files</Filter>
    </ClInclude>
    <ClInclude Include="3rdPartyLibraries\Includes\Eigen\src\Core\AssignEvaluator.h">
      <Filter>Header Files</Filter>
    </ClInclude>
    <ClInclude Include="3rdPartyLibraries\Includes\Eigen\src\Core\BandMatrix.h">
      <Filter>Header Files</Filter>
    </ClInclude>
    <ClInclude Include="3rdPartyLibraries\Includes\Eigen\src\Core\Block.h">
      <Filter>Header Files</Filter>
    </ClInclude>
    <ClInclude Include="3rdPartyLibraries\Includes\Eigen\src\Core\BooleanRedux.h">
      <Filter>Header Files</Filter>
    </ClInclude>
    <ClInclude Include="3rdPartyLibraries\Includes\Eigen\src\Core\CommaInitializer.h">
      <Filter>Header Files</Filter>
    </ClInclude>
    <ClInclude Include="3rdPartyLibraries\Includes\Eigen\src\Core\ConditionEstimator.h">
      <Filter>Header Files</Filter>
    </ClInclude>
    <ClInclude Include="3rdPartyLibraries\Includes\Eigen\src\Core\CoreEvaluators.h">
      <Filter>Header Files</Filter>
    </ClInclude>
    <ClInclude Include="3rdPartyLibraries\Includes\Eigen\src\Core\CoreIterators.h">
      <Filter>Header Files</Filter>
    </ClInclude>
    <ClInclude Include="3rdPartyLibraries\Includes\Eigen\src\Core\CwiseBinaryOp.h">
      <Filter>Header Files</Filter>
    </ClInclude>
    <ClInclude Include="3rdPartyLibraries\Includes\Eigen\src\Core\CwiseNullaryOp.h">
      <Filter>Header Files</Filter>
    </ClInclude>
    <ClInclude Include="3rdPartyLibraries\Includes\Eigen\src\Core\CwiseTernaryOp.h">
      <Filter>Header Files</Filter>
    </ClInclude>
    <ClInclude Include="3rdPartyLibraries\Includes\Eigen\src\Core\CwiseUnaryOp.h">
      <Filter>Header Files</Filter>
    </ClInclude>
    <ClInclude Include="3rdPartyLibraries\Includes\Eigen\src\Core\CwiseUnaryView.h">
      <Filter>Header Files</Filter>
    </ClInclude>
    <ClInclude Include="3rdPartyLibraries\Includes\Eigen\src\Core\DenseBase.h">
      <Filter>Header Files</Filter>
    </ClInclude>
    <ClInclude Include="3rdPartyLibraries\Includes\Eigen\src\Core\DenseCoeffsBase.h">
      <Filter>Header Files</Filter>
    </ClInclude>
    <ClInclude Include="3rdPartyLibraries\Includes\Eigen\src\Core\DenseStorage.h">
      <Filter>Header Files</Filter>
    </ClInclude>
    <ClInclude Include="3rdPartyLibraries\Includes\Eigen\src\Core\Diagonal.h">
      <Filter>Header Files</Filter>
    </ClInclude>
    <ClInclude Include="3rdPartyLibraries\Includes\Eigen\src\Core\DiagonalMatrix.h">
      <Filter>Header Files</Filter>
    </ClInclude>
    <ClInclude Include="3rdPartyLibraries\Includes\Eigen\src\Core\DiagonalProduct.h">
      <Filter>Header Files</Filter>
    </ClInclude>
    <ClInclude Include="3rdPartyLibraries\Includes\Eigen\src\Core\Dot.h">
      <Filter>Header Files</Filter>
    </ClInclude>
    <ClInclude Include="3rdPartyLibraries\Includes\Eigen\src\Core\EigenBase.h">
      <Filter>Header Files</Filter>
    </ClInclude>
    <ClInclude Include="3rdPartyLibraries\Includes\Eigen\src\Core\ForceAlignedAccess.h">
      <Filter>Header Files</Filter>
    </ClInclude>
    <ClInclude Include="3rdPartyLibraries\Includes\Eigen\src\Core\Fuzzy.h">
      <Filter>Header Files</Filter>
    </ClInclude>
    <ClInclude Include="3rdPartyLibraries\Includes\Eigen\src\Core\GeneralProduct.h">
      <Filter>Header Files</Filter>
    </ClInclude>
    <ClInclude Include="3rdPartyLibraries\Includes\Eigen\src\Core\GenericPacketMath.h">
      <Filter>Header Files</Filter>
    </ClInclude>
    <ClInclude Include="3rdPartyLibraries\Includes\Eigen\src\Core\GlobalFunctions.h">
      <Filter>Header Files</Filter>
    </ClInclude>
    <ClInclude Include="3rdPartyLibraries\Includes\Eigen\src\Core\Inverse.h">
      <Filter>Header Files</Filter>
    </ClInclude>
    <ClInclude Include="3rdPartyLibraries\Includes\Eigen\src\Core\IO.h">
      <Filter>Header Files</Filter>
    </ClInclude>
    <ClInclude Include="3rdPartyLibraries\Includes\Eigen\src\Core\Map.h">
      <Filter>Header Files</Filter>
    </ClInclude>
    <ClInclude Include="3rdPartyLibraries\Includes\Eigen\src\Core\MapBase.h">
      <Filter>Header Files</Filter>
    </ClInclude>
    <ClInclude Include="3rdPartyLibraries\Includes\Eigen\src\Core\MathFunctions.h">
      <Filter>Header Files</Filter>
    </ClInclude>
    <ClInclude Include="3rdPartyLibraries\Includes\Eigen\src\Core\MathFunctionsImpl.h">
      <Filter>Header Files</Filter>
    </ClInclude>
    <ClInclude Include="3rdPartyLibraries\Includes\Eigen\src\Core\Matrix.h">
      <Filter>Header Files</Filter>
    </ClInclude>
    <ClInclude Include="3rdPartyLibraries\Includes\Eigen\src\Core\MatrixBase.h">
      <Filter>Header Files</Filter>
    </ClInclude>
    <ClInclude Include="3rdPartyLibraries\Includes\Eigen\src\Core\NestByValue.h">
      <Filter>Header Files</Filter>
    </ClInclude>
    <ClInclude Include="3rdPartyLibraries\Includes\Eigen\src\Core\NoAlias.h">
      <Filter>Header Files</Filter>
    </ClInclude>
    <ClInclude Include="3rdPartyLibraries\Includes\Eigen\src\Core\NumTraits.h">
      <Filter>Header Files</Filter>
    </ClInclude>
    <ClInclude Include="3rdPartyLibraries\Includes\Eigen\src\Core\PermutationMatrix.h">
      <Filter>Header Files</Filter>
    </ClInclude>
    <ClInclude Include="3rdPartyLibraries\Includes\Eigen\src\Core\PlainObjectBase.h">
      <Filter>Header Files</Filter>
    </ClInclude>
    <ClInclude Include="3rdPartyLibraries\Includes\Eigen\src\Core\Product.h">
      <Filter>Header Files</Filter>
    </ClInclude>
    <ClInclude Include="3rdPartyLibraries\Includes\Eigen\src\Core\ProductEvaluators.h">
      <Filter>Header Files</Filter>
    </ClInclude>
    <ClInclude Include="3rdPartyLibraries\Includes\Eigen\src\Core\Random.h">
      <Filter>Header Files</Filter>
    </ClInclude>
    <ClInclude Include="3rdPartyLibraries\Includes\Eigen\src\Core\Redux.h">
      <Filter>Header Files</Filter>
    </ClInclude>
    <ClInclude Include="3rdPartyLibraries\Includes\Eigen\src\Core\Ref.h">
      <Filter>Header Files</Filter>
    </ClInclude>
    <ClInclude Include="3rdPartyLibraries\Includes\Eigen\src\Core\Replicate.h">
      <Filter>Header Files</Filter>
    </ClInclude>
    <ClInclude Include="3rdPartyLibraries\Includes\Eigen\src\Core\ReturnByValue.h">
      <Filter>Header Files</Filter>
    </ClInclude>
    <ClInclude Include="3rdPartyLibraries\Includes\Eigen\src\Core\Reverse.h">
      <Filter>Header Files</Filter>
    </ClInclude>
    <ClInclude Include="3rdPartyLibraries\Includes\Eigen\src\Core\Select.h">
      <Filter>Header Files</Filter>
    </ClInclude>
    <ClInclude Include="3rdPartyLibraries\Includes\Eigen\src\Core\SelfAdjointView.h">
      <Filter>Header Files</Filter>
    </ClInclude>
    <ClInclude Include="3rdPartyLibraries\Includes\Eigen\src\Core\SelfCwiseBinaryOp.h">
      <Filter>Header Files</Filter>
    </ClInclude>
    <ClInclude Include="3rdPartyLibraries\Includes\Eigen\src\Core\Solve.h">
      <Filter>Header Files</Filter>
    </ClInclude>
    <ClInclude Include="3rdPartyLibraries\Includes\Eigen\src\Core\SolverBase.h">
      <Filter>Header Files</Filter>
    </ClInclude>
    <ClInclude Include="3rdPartyLibraries\Includes\Eigen\src\Core\SolveTriangular.h">
      <Filter>Header Files</Filter>
    </ClInclude>
    <ClInclude Include="3rdPartyLibraries\Includes\Eigen\src\Core\StableNorm.h">
      <Filter>Header Files</Filter>
    </ClInclude>
    <ClInclude Include="3rdPartyLibraries\Includes\Eigen\src\Core\Stride.h">
      <Filter>Header Files</Filter>
    </ClInclude>
    <ClInclude Include="3rdPartyLibraries\Includes\Eigen\src\Core\Swap.h">
      <Filter>Header Files</Filter>
    </ClInclude>
    <ClInclude Include="3rdPartyLibraries\Includes\Eigen\src\Core\Transpose.h">
      <Filter>Header Files</Filter>
    </ClInclude>
    <ClInclude Include="3rdPartyLibraries\Includes\Eigen\src\Core\Transpositions.h">
      <Filter>Header Files</Filter>
    </ClInclude>
    <ClInclude Include="3rdPartyLibraries\Includes\Eigen\src\Core\TriangularMatrix.h">
      <Filter>Header Files</Filter>
    </ClInclude>
    <ClInclude Include="3rdPartyLibraries\Includes\Eigen\src\Core\VectorBlock.h">
      <Filter>Header Files</Filter>
    </ClInclude>
    <ClInclude Include="3rdPartyLibraries\Includes\Eigen\src\Core\VectorwiseOp.h">
      <Filter>Header Files</Filter>
    </ClInclude>
    <ClInclude Include="3rdPartyLibraries\Includes\Eigen\src\Core\Visitor.h">
      <Filter>Header Files</Filter>
    </ClInclude>
    <ClInclude Include="3rdPartyLibraries\Includes\Eigen\src\Eigenvalues\ComplexEigenSolver.h">
      <Filter>Header Files</Filter>
    </ClInclude>
    <ClInclude Include="3rdPartyLibraries\Includes\Eigen\src\Eigenvalues\ComplexSchur.h">
      <Filter>Header Files</Filter>
    </ClInclude>
    <ClInclude Include="3rdPartyLibraries\Includes\Eigen\src\Eigenvalues\ComplexSchur_LAPACKE.h">
      <Filter>Header Files</Filter>
    </ClInclude>
    <ClInclude Include="3rdPartyLibraries\Includes\Eigen\src\Eigenvalues\EigenSolver.h">
      <Filter>Header Files</Filter>
    </ClInclude>
    <ClInclude Include="3rdPartyLibraries\Includes\Eigen\src\Eigenvalues\GeneralizedEigenSolver.h">
      <Filter>Header Files</Filter>
    </ClInclude>
    <ClInclude Include="3rdPartyLibraries\Includes\Eigen\src\Eigenvalues\GeneralizedSelfAdjointEigenSolver.h">
      <Filter>Header Files</Filter>
    </ClInclude>
    <ClInclude Include="3rdPartyLibraries\Includes\Eigen\src\Eigenvalues\HessenbergDecomposition.h">
      <Filter>Header Files</Filter>
    </ClInclude>
    <ClInclude Include="3rdPartyLibraries\Includes\Eigen\src\Eigenvalues\MatrixBaseEigenvalues.h">
      <Filter>Header Files</Filter>
    </ClInclude>
    <ClInclude Include="3rdPartyLibraries\Includes\Eigen\src\Eigenvalues\RealQZ.h">
      <Filter>Header Files</Filter>
    </ClInclude>
    <ClInclude Include="3rdPartyLibraries\Includes\Eigen\src\Eigenvalues\RealSchur.h">
      <Filter>Header Files</Filter>
    </ClInclude>
    <ClInclude Include="3rdPartyLibraries\Includes\Eigen\src\Eigenvalues\RealSchur_LAPACKE.h">
      <Filter>Header Files</Filter>
    </ClInclude>
    <ClInclude Include="3rdPartyLibraries\Includes\Eigen\src\Eigenvalues\SelfAdjointEigenSolver.h">
      <Filter>Header Files</Filter>
    </ClInclude>
    <ClInclude Include="3rdPartyLibraries\Includes\Eigen\src\Eigenvalues\SelfAdjointEigenSolver_LAPACKE.h">
      <Filter>Header Files</Filter>
    </ClInclude>
    <ClInclude Include="3rdPartyLibraries\Includes\Eigen\src\Eigenvalues\Tridiagonalization.h">
      <Filter>Header Files</Filter>
    </ClInclude>
    <ClInclude Include="3rdPartyLibraries\Includes\Eigen\src\Geometry\arch\Geometry_SSE.h">
      <Filter>Header Files</Filter>
    </ClInclude>
    <ClInclude Include="3rdPartyLibraries\Includes\Eigen\src\Geometry\AlignedBox.h">
      <Filter>Header Files</Filter>
    </ClInclude>
    <ClInclude Include="3rdPartyLibraries\Includes\Eigen\src\Geometry\AngleAxis.h">
      <Filter>Header Files</Filter>
    </ClInclude>
    <ClInclude Include="3rdPartyLibraries\Includes\Eigen\src\Geometry\EulerAngles.h">
      <Filter>Header Files</Filter>
    </ClInclude>
    <ClInclude Include="3rdPartyLibraries\Includes\Eigen\src\Geometry\Homogeneous.h">
      <Filter>Header Files</Filter>
    </ClInclude>
    <ClInclude Include="3rdPartyLibraries\Includes\Eigen\src\Geometry\Hyperplane.h">
      <Filter>Header Files</Filter>
    </ClInclude>
    <ClInclude Include="3rdPartyLibraries\Includes\Eigen\src\Geometry\OrthoMethods.h">
      <Filter>Header Files</Filter>
    </ClInclude>
    <ClInclude Include="3rdPartyLibraries\Includes\Eigen\src\Geometry\ParametrizedLine.h">
      <Filter>Header Files</Filter>
    </ClInclude>
    <ClInclude Include="3rdPartyLibraries\Includes\Eigen\src\Geometry\Quaternion.h">
      <Filter>Header Files</Filter>
    </ClInclude>
    <ClInclude Include="3rdPartyLibraries\Includes\Eigen\src\Geometry\Rotation2D.h">
      <Filter>Header Files</Filter>
    </ClInclude>
    <ClInclude Include="3rdPartyLibraries\Includes\Eigen\src\Geometry\RotationBase.h">
      <Filter>Header Files</Filter>
    </ClInclude>
    <ClInclude Include="3rdPartyLibraries\Includes\Eigen\src\Geometry\Scaling.h">
      <Filter>Header Files</Filter>
    </ClInclude>
    <ClInclude Include="3rdPartyLibraries\Includes\Eigen\src\Geometry\Transform.h">
      <Filter>Header Files</Filter>
    </ClInclude>
    <ClInclude Include="3rdPartyLibraries\Includes\Eigen\src\Geometry\Translation.h">
      <Filter>Header Files</Filter>
    </ClInclude>
    <ClInclude Include="3rdPartyLibraries\Includes\Eigen\src\Geometry\Umeyama.h">
      <Filter>Header Files</Filter>
    </ClInclude>
    <ClInclude Include="3rdPartyLibraries\Includes\Eigen\src\Householder\BlockHouseholder.h">
      <Filter>Header Files</Filter>
    </ClInclude>
    <ClInclude Include="3rdPartyLibraries\Includes\Eigen\src\Householder\Householder.h">
      <Filter>Header Files</Filter>
    </ClInclude>
    <ClInclude Include="3rdPartyLibraries\Includes\Eigen\src\Householder\HouseholderSequence.h">
      <Filter>Header Files</Filter>
    </ClInclude>
    <ClInclude Include="3rdPartyLibraries\Includes\Eigen\src\IterativeLinearSolvers\BasicPreconditioners.h">
      <Filter>Header Files</Filter>
    </ClInclude>
    <ClInclude Include="3rdPartyLibraries\Includes\Eigen\src\IterativeLinearSolvers\BiCGSTAB.h">
      <Filter>Header Files</Filter>
    </ClInclude>
    <ClInclude Include="3rdPartyLibraries\Includes\Eigen\src\IterativeLinearSolvers\ConjugateGradient.h">
      <Filter>Header Files</Filter>
    </ClInclude>
    <ClInclude Include="3rdPartyLibraries\Includes\Eigen\src\IterativeLinearSolvers\IncompleteCholesky.h">
      <Filter>Header Files</Filter>
    </ClInclude>
    <ClInclude Include="3rdPartyLibraries\Includes\Eigen\src\IterativeLinearSolvers\IncompleteLUT.h">
      <Filter>Header Files</Filter>
    </ClInclude>
    <ClInclude Include="3rdPartyLibraries\Includes\Eigen\src\IterativeLinearSolvers\IterativeSolverBase.h">
      <Filter>Header Files</Filter>
    </ClInclude>
    <ClInclude Include="3rdPartyLibraries\Includes\Eigen\src\IterativeLinearSolvers\LeastSquareConjugateGradient.h">
      <Filter>Header Files</Filter>
    </ClInclude>
    <ClInclude Include="3rdPartyLibraries\Includes\Eigen\src\IterativeLinearSolvers\SolveWithGuess.h">
      <Filter>Header Files</Filter>
    </ClInclude>
    <ClInclude Include="3rdPartyLibraries\Includes\Eigen\src\Jacobi\Jacobi.h">
      <Filter>Header Files</Filter>
    </ClInclude>
    <ClInclude Include="3rdPartyLibraries\Includes\Eigen\src\LU\arch\Inverse_SSE.h">
      <Filter>Header Files</Filter>
    </ClInclude>
    <ClInclude Include="3rdPartyLibraries\Includes\Eigen\src\LU\Determinant.h">
      <Filter>Header Files</Filter>
    </ClInclude>
    <ClInclude Include="3rdPartyLibraries\Includes\Eigen\src\LU\FullPivLU.h">
      <Filter>Header Files</Filter>
    </ClInclude>
    <ClInclude Include="3rdPartyLibraries\Includes\Eigen\src\LU\InverseImpl.h">
      <Filter>Header Files</Filter>
    </ClInclude>
    <ClInclude Include="3rdPartyLibraries\Includes\Eigen\src\LU\PartialPivLU.h">
      <Filter>Header Files</Filter>
    </ClInclude>
    <ClInclude Include="3rdPartyLibraries\Includes\Eigen\src\LU\PartialPivLU_LAPACKE.h">
      <Filter>Header Files</Filter>
    </ClInclude>
    <ClInclude Include="3rdPartyLibraries\Includes\Eigen\src\MetisSupport\MetisSupport.h">
      <Filter>Header Files</Filter>
    </ClInclude>
    <ClInclude Include="3rdPartyLibraries\Includes\Eigen\src\misc\blas.h">
      <Filter>Header Files</Filter>
    </ClInclude>
    <ClInclude Include="3rdPartyLibraries\Includes\Eigen\src\misc\Image.h">
      <Filter>Header Files</Filter>
    </ClInclude>
    <ClInclude Include="3rdPartyLibraries\Includes\Eigen\src\misc\Kernel.h">
      <Filter>Header Files</Filter>
    </ClInclude>
    <ClInclude Include="3rdPartyLibraries\Includes\Eigen\src\misc\lapack.h">
      <Filter>Header Files</Filter>
    </ClInclude>
    <ClInclude Include="3rdPartyLibraries\Includes\Eigen\src\misc\lapacke.h">
      <Filter>Header Files</Filter>
    </ClInclude>
    <ClInclude Include="3rdPartyLibraries\Includes\Eigen\src\misc\lapacke_mangling.h">
      <Filter>Header Files</Filter>
    </ClInclude>
    <ClInclude Include="3rdPartyLibraries\Includes\Eigen\src\misc\RealSvd2x2.h">
      <Filter>Header Files</Filter>
    </ClInclude>
    <ClInclude Include="3rdPartyLibraries\Includes\Eigen\src\OrderingMethods\Amd.h">
      <Filter>Header Files</Filter>
    </ClInclude>
    <ClInclude Include="3rdPartyLibraries\Includes\Eigen\src\OrderingMethods\Eigen_Colamd.h">
      <Filter>Header Files</Filter>
    </ClInclude>
    <ClInclude Include="3rdPartyLibraries\Includes\Eigen\src\OrderingMethods\Ordering.h">
      <Filter>Header Files</Filter>
    </ClInclude>
    <ClInclude Include="3rdPartyLibraries\Includes\Eigen\src\PardisoSupport\PardisoSupport.h">
      <Filter>Header Files</Filter>
    </ClInclude>
    <ClInclude Include="3rdPartyLibraries\Includes\Eigen\src\PaStiXSupport\PaStiXSupport.h">
      <Filter>Header Files</Filter>
    </ClInclude>
    <ClInclude Include="3rdPartyLibraries\Includes\Eigen\src\plugins\ArrayCwiseBinaryOps.h">
      <Filter>Header Files</Filter>
    </ClInclude>
    <ClInclude Include="3rdPartyLibraries\Includes\Eigen\src\plugins\ArrayCwiseUnaryOps.h">
      <Filter>Header Files</Filter>
    </ClInclude>
    <ClInclude Include="3rdPartyLibraries\Includes\Eigen\src\plugins\BlockMethods.h">
      <Filter>Header Files</Filter>
    </ClInclude>
    <ClInclude Include="3rdPartyLibraries\Includes\Eigen\src\plugins\CommonCwiseBinaryOps.h">
      <Filter>Header Files</Filter>
    </ClInclude>
    <ClInclude Include="3rdPartyLibraries\Includes\Eigen\src\plugins\CommonCwiseUnaryOps.h">
      <Filter>Header Files</Filter>
    </ClInclude>
    <ClInclude Include="3rdPartyLibraries\Includes\Eigen\src\plugins\MatrixCwiseBinaryOps.h">
      <Filter>Header Files</Filter>
    </ClInclude>
    <ClInclude Include="3rdPartyLibraries\Includes\Eigen\src\plugins\MatrixCwiseUnaryOps.h">
      <Filter>Header Files</Filter>
    </ClInclude>
    <ClInclude Include="3rdPartyLibraries\Includes\Eigen\src\QR\ColPivHouseholderQR.h">
      <Filter>Header Files</Filter>
    </ClInclude>
    <ClInclude Include="3rdPartyLibraries\Includes\Eigen\src\QR\ColPivHouseholderQR_LAPACKE.h">
      <Filter>Header Files</Filter>
    </ClInclude>
    <ClInclude Include="3rdPartyLibraries\Includes\Eigen\src\QR\CompleteOrthogonalDecomposition.h">
      <Filter>Header Files</Filter>
    </ClInclude>
    <ClInclude Include="3rdPartyLibraries\Includes\Eigen\src\QR\FullPivHouseholderQR.h">
      <Filter>Header Files</Filter>
    </ClInclude>
    <ClInclude Include="3rdPartyLibraries\Includes\Eigen\src\QR\HouseholderQR.h">
      <Filter>Header Files</Filter>
    </ClInclude>
    <ClInclude Include="3rdPartyLibraries\Includes\Eigen\src\QR\HouseholderQR_LAPACKE.h">
      <Filter>Header Files</Filter>
    </ClInclude>
    <ClInclude Include="3rdPartyLibraries\Includes\Eigen\src\SparseCholesky\SimplicialCholesky.h">
      <Filter>Header Files</Filter>
    </ClInclude>
    <ClInclude Include="3rdPartyLibraries\Includes\Eigen\src\SparseCholesky\SimplicialCholesky_impl.h">
      <Filter>Header Files</Filter>
    </ClInclude>
    <ClInclude Include="3rdPartyLibraries\Includes\Eigen\src\SparseCore\AmbiVector.h">
      <Filter>Header Files</Filter>
    </ClInclude>
    <ClInclude Include="3rdPartyLibraries\Includes\Eigen\src\SparseCore\CompressedStorage.h">
      <Filter>Header Files</Filter>
    </ClInclude>
    <ClInclude Include="3rdPartyLibraries\Includes\Eigen\src\SparseCore\ConservativeSparseSparseProduct.h">
      <Filter>Header Files</Filter>
    </ClInclude>
    <ClInclude Include="3rdPartyLibraries\Includes\Eigen\src\SparseCore\MappedSparseMatrix.h">
      <Filter>Header Files</Filter>
    </ClInclude>
    <ClInclude Include="3rdPartyLibraries\Includes\Eigen\src\SparseCore\SparseAssign.h">
      <Filter>Header Files</Filter>
    </ClInclude>
    <ClInclude Include="3rdPartyLibraries\Includes\Eigen\src\SparseCore\SparseBlock.h">
      <Filter>Header Files</Filter>
    </ClInclude>
    <ClInclude Include="3rdPartyLibraries\Includes\Eigen\src\SparseCore\SparseColEtree.h">
      <Filter>Header Files</Filter>
    </ClInclude>
    <ClInclude Include="3rdPartyLibraries\Includes\Eigen\src\SparseCore\SparseCompressedBase.h">
      <Filter>Header Files</Filter>
    </ClInclude>
    <ClInclude Include="3rdPartyLibraries\Includes\Eigen\src\SparseCore\SparseCwiseBinaryOp.h">
      <Filter>Header Files</Filter>
    </ClInclude>
    <ClInclude Include="3rdPartyLibraries\Includes\Eigen\src\SparseCore\SparseCwiseUnaryOp.h">
      <Filter>Header Files</Filter>
    </ClInclude>
    <ClInclude Include="3rdPartyLibraries\Includes\Eigen\src\SparseCore\SparseDenseProduct.h">
      <Filter>Header Files</Filter>
    </ClInclude>
    <ClInclude Include="3rdPartyLibraries\Includes\Eigen\src\SparseCore\SparseDiagonalProduct.h">
      <Filter>Header Files</Filter>
    </ClInclude>
    <ClInclude Include="3rdPartyLibraries\Includes\Eigen\src\SparseCore\SparseDot.h">
      <Filter>Header Files</Filter>
    </ClInclude>
    <ClInclude Include="3rdPartyLibraries\Includes\Eigen\src\SparseCore\SparseFuzzy.h">
      <Filter>Header Files</Filter>
    </ClInclude>
    <ClInclude Include="3rdPartyLibraries\Includes\Eigen\src\SparseCore\SparseMap.h">
      <Filter>Header Files</Filter>
    </ClInclude>
    <ClInclude Include="3rdPartyLibraries\Includes\Eigen\src\SparseCore\SparseMatrix.h">
      <Filter>Header Files</Filter>
    </ClInclude>
    <ClInclude Include="3rdPartyLibraries\Includes\Eigen\src\SparseCore\SparseMatrixBase.h">
      <Filter>Header Files</Filter>
    </ClInclude>
    <ClInclude Include="3rdPartyLibraries\Includes\Eigen\src\SparseCore\SparsePermutation.h">
      <Filter>Header Files</Filter>
    </ClInclude>
    <ClInclude Include="3rdPartyLibraries\Includes\Eigen\src\SparseCore\SparseProduct.h">
      <Filter>Header Files</Filter>
    </ClInclude>
    <ClInclude Include="3rdPartyLibraries\Includes\Eigen\src\SparseCore\SparseRedux.h">
      <Filter>Header Files</Filter>
    </ClInclude>
    <ClInclude Include="3rdPartyLibraries\Includes\Eigen\src\SparseCore\SparseRef.h">
      <Filter>Header Files</Filter>
    </ClInclude>
    <ClInclude Include="3rdPartyLibraries\Includes\Eigen\src\SparseCore\SparseSelfAdjointView.h">
      <Filter>Header Files</Filter>
    </ClInclude>
    <ClInclude Include="3rdPartyLibraries\Includes\Eigen\src\SparseCore\SparseSolverBase.h">
      <Filter>Header Files</Filter>
    </ClInclude>
    <ClInclude Include="3rdPartyLibraries\Includes\Eigen\src\SparseCore\SparseSparseProductWithPruning.h">
      <Filter>Header Files</Filter>
    </ClInclude>
    <ClInclude Include="3rdPartyLibraries\Includes\Eigen\src\SparseCore\SparseTranspose.h">
      <Filter>Header Files</Filter>
    </ClInclude>
    <ClInclude Include="3rdPartyLibraries\Includes\Eigen\src\SparseCore\SparseTriangularView.h">
      <Filter>Header Files</Filter>
    </ClInclude>
    <ClInclude Include="3rdPartyLibraries\Includes\Eigen\src\SparseCore\SparseUtil.h">
      <Filter>Header Files</Filter>
    </ClInclude>
    <ClInclude Include="3rdPartyLibraries\Includes\Eigen\src\SparseCore\SparseVector.h">
      <Filter>Header Files</Filter>
    </ClInclude>
    <ClInclude Include="3rdPartyLibraries\Includes\Eigen\src\SparseCore\SparseView.h">
      <Filter>Header Files</Filter>
    </ClInclude>
    <ClInclude Include="3rdPartyLibraries\Includes\Eigen\src\SparseCore\TriangularSolver.h">
      <Filter>Header Files</Filter>
    </ClInclude>
    <ClInclude Include="3rdPartyLibraries\Includes\Eigen\src\SparseLU\SparseLU.h">
      <Filter>Header Files</Filter>
    </ClInclude>
    <ClInclude Include="3rdPartyLibraries\Includes\Eigen\src\SparseLU\SparseLU_column_bmod.h">
      <Filter>Header Files</Filter>
    </ClInclude>
    <ClInclude Include="3rdPartyLibraries\Includes\Eigen\src\SparseLU\SparseLU_column_dfs.h">
      <Filter>Header Files</Filter>
    </ClInclude>
    <ClInclude Include="3rdPartyLibraries\Includes\Eigen\src\SparseLU\SparseLU_copy_to_ucol.h">
      <Filter>Header Files</Filter>
    </ClInclude>
    <ClInclude Include="3rdPartyLibraries\Includes\Eigen\src\SparseLU\SparseLU_gemm_kernel.h">
      <Filter>Header Files</Filter>
    </ClInclude>
    <ClInclude Include="3rdPartyLibraries\Includes\Eigen\src\SparseLU\SparseLU_heap_relax_snode.h">
      <Filter>Header Files</Filter>
    </ClInclude>
    <ClInclude Include="3rdPartyLibraries\Includes\Eigen\src\SparseLU\SparseLU_kernel_bmod.h">
      <Filter>Header Files</Filter>
    </ClInclude>
    <ClInclude Include="3rdPartyLibraries\Includes\Eigen\src\SparseLU\SparseLU_Memory.h">
      <Filter>Header Files</Filter>
    </ClInclude>
    <ClInclude Include="3rdPartyLibraries\Includes\Eigen\src\SparseLU\SparseLU_panel_bmod.h">
      <Filter>Header Files</Filter>
    </ClInclude>
    <ClInclude Include="3rdPartyLibraries\Includes\Eigen\src\SparseLU\SparseLU_panel_dfs.h">
      <Filter>Header Files</Filter>
    </ClInclude>
    <ClInclude Include="3rdPartyLibraries\Includes\Eigen\src\SparseLU\SparseLU_pivotL.h">
      <Filter>Header Files</Filter>
    </ClInclude>
    <ClInclude Include="3rdPartyLibraries\Includes\Eigen\src\SparseLU\SparseLU_pruneL.h">
      <Filter>Header Files</Filter>
    </ClInclude>
    <ClInclude Include="3rdPartyLibraries\Includes\Eigen\src\SparseLU\SparseLU_relax_snode.h">
      <Filter>Header Files</Filter>
    </ClInclude>
    <ClInclude Include="3rdPartyLibraries\Includes\Eigen\src\SparseLU\SparseLU_Structs.h">
      <Filter>Header Files</Filter>
    </ClInclude>
    <ClInclude Include="3rdPartyLibraries\Includes\Eigen\src\SparseLU\SparseLU_SupernodalMatrix.h">
      <Filter>Header Files</Filter>
    </ClInclude>
    <ClInclude Include="3rdPartyLibraries\Includes\Eigen\src\SparseLU\SparseLU_Utils.h">
      <Filter>Header Files</Filter>
    </ClInclude>
    <ClInclude Include="3rdPartyLibraries\Includes\Eigen\src\SparseLU\SparseLUImpl.h">
      <Filter>Header Files</Filter>
    </ClInclude>
    <ClInclude Include="3rdPartyLibraries\Includes\Eigen\src\SparseQR\SparseQR.h">
      <Filter>Header Files</Filter>
    </ClInclude>
    <ClInclude Include="3rdPartyLibraries\Includes\Eigen\src\SPQRSupport\SuiteSparseQRSupport.h">
      <Filter>Header Files</Filter>
    </ClInclude>
    <ClInclude Include="3rdPartyLibraries\Includes\Eigen\src\StlSupport\details.h">
      <Filter>Header Files</Filter>
    </ClInclude>
    <ClInclude Include="3rdPartyLibraries\Includes\Eigen\src\StlSupport\StdDeque.h">
      <Filter>Header Files</Filter>
    </ClInclude>
    <ClInclude Include="3rdPartyLibraries\Includes\Eigen\src\StlSupport\StdList.h">
      <Filter>Header Files</Filter>
    </ClInclude>
    <ClInclude Include="3rdPartyLibraries\Includes\Eigen\src\StlSupport\StdVector.h">
      <Filter>Header Files</Filter>
    </ClInclude>
    <ClInclude Include="3rdPartyLibraries\Includes\Eigen\src\SuperLUSupport\SuperLUSupport.h">
      <Filter>Header Files</Filter>
    </ClInclude>
    <ClInclude Include="3rdPartyLibraries\Includes\Eigen\src\SVD\BDCSVD.h">
      <Filter>Header Files</Filter>
    </ClInclude>
    <ClInclude Include="3rdPartyLibraries\Includes\Eigen\src\SVD\JacobiSVD.h">
      <Filter>Header Files</Filter>
    </ClInclude>
    <ClInclude Include="3rdPartyLibraries\Includes\Eigen\src\SVD\JacobiSVD_LAPACKE.h">
      <Filter>Header Files</Filter>
    </ClInclude>
    <ClInclude Include="3rdPartyLibraries\Includes\Eigen\src\SVD\SVDBase.h">
      <Filter>Header Files</Filter>
    </ClInclude>
    <ClInclude Include="3rdPartyLibraries\Includes\Eigen\src\SVD\UpperBidiagonalization.h">
      <Filter>Header Files</Filter>
    </ClInclude>
    <ClInclude Include="3rdPartyLibraries\Includes\Eigen\src\UmfPackSupport\UmfPackSupport.h">
      <Filter>Header Files</Filter>
    </ClInclude>
    <ClInclude Include="Source\Editor\Staj\DijkstraSPFAlgorithm.h">
      <Filter>Header Files</Filter>
    </ClInclude>
    <ClInclude Include="Source\Editor\FileSystem\DataFormats\PreProccessMesh_generated.h">
      <Filter>Header Files</Filter>
    </ClInclude>
    <ClInclude Include="Source\Editor\İş\Algorithms.h">
      <Filter>Header Files</Filter>
    </ClInclude>
    <ClInclude Include="Source\Editor\İş\Algorithms_UnitTests.h">
      <Filter>Header Files</Filter>
    </ClInclude>
    <ClInclude Include="Source\Editor\İş\DataLoader.h">
      <Filter>Header Files</Filter>
    </ClInclude>
    <ClInclude Include="Source\Editor\İş\DataTypes.h">
      <Filter>Header Files</Filter>
    </ClInclude>
    <ClInclude Include="Source\Editor\İş\kdtree.h">
      <Filter>Header Files</Filter>
    </ClInclude>
    <ClInclude Include="Source\Editor\İş\KDTree.hpp">
      <Filter>Header Files</Filter>
    </ClInclude>
    <ClInclude Include="Source\Editor\İş\GoogleKDTREE.h">
      <Filter>Header Files</Filter>
    </ClInclude>
    <ClInclude Include="Source\Editor\İş\delaunator.hpp">
      <Filter>Header Files</Filter>
    </ClInclude>
  </ItemGroup>
</Project>